
Microsoft Visual Studio Solution File, Format Version 12.00
# Visual Studio Version 17
VisualStudioVersion = 17.5.33530.505
MinimumVisualStudioVersion = 10.0.40219.1
Project("{FAE04EC0-301F-11D3-BF4B-00C04F79EFBC}") = "CRUD", "CRUD\CRUD.csproj", "{74B56C79-ED9C-4CDA-A631-9D6FE5191EFE}"
EndProject
Global
	GlobalSection(SolutionConfigurationPlatforms) = preSolution
		Debug|Any CPU = Debug|Any CPU
		Release|Any CPU = Release|Any CPU
	EndGlobalSection
	GlobalSection(ProjectConfigurationPlatforms) = postSolution
		{74B56C79-ED9C-4CDA-A631-9D6FE5191EFE}.Debug|Any CPU.ActiveCfg = Debug|Any CPU
		{74B56C79-ED9C-4CDA-A631-9D6FE5191EFE}.Debug|Any CPU.Build.0 = Debug|Any CPU
		{74B56C79-ED9C-4CDA-A631-9D6FE5191EFE}.Release|Any CPU.ActiveCfg = Release|Any CPU
		{74B56C79-ED9C-4CDA-A631-9D6FE5191EFE}.Release|Any CPU.Build.0 = Release|Any CPU
	EndGlobalSection
	GlobalSection(SolutionProperties) = preSolution
		HideSolutionNode = FALSE
	EndGlobalSection
	GlobalSection(ExtensibilityGlobals) = postSolution
		SolutionGuid = {6FFB2082-58C5-4988-BCDF-4FC05FD4E3D2}
	EndGlobalSection
EndGlobal
